// !$*UTF8*$!
{
	archiveVersion = 1;
	classes = {
	};
	objectVersion = 50;
	objects = {

/* Begin PBXBuildFile section */
		60284AB2221D3BA90098401A /* InitableViewTypeMockSpy.swift in Sources */ = {isa = PBXBuildFile; fileRef = 60284AB1221D3BA90098401A /* InitableViewTypeMockSpy.swift */; };
		60B4B9CA221CD9A800CF6005 /* OmegaPipe.framework in Frameworks */ = {isa = PBXBuildFile; fileRef = 60B4B9C0221CD9A800CF6005 /* OmegaPipe.framework */; };
		60B4B9D1221CD9A800CF6005 /* OmegaPipe.h in Headers */ = {isa = PBXBuildFile; fileRef = 60B4B9C3221CD9A800CF6005 /* OmegaPipe.h */; settings = {ATTRIBUTES = (Public, ); }; };
		60B4B9DE221CD9B400CF6005 /* AssociatedObjectStore.swift in Sources */ = {isa = PBXBuildFile; fileRef = 60B4B9DA221CD9B300CF6005 /* AssociatedObjectStore.swift */; };
		60B4B9DF221CD9B400CF6005 /* ViewModelType.swift in Sources */ = {isa = PBXBuildFile; fileRef = 60B4B9DB221CD9B400CF6005 /* ViewModelType.swift */; };
		60B4B9E0221CD9B400CF6005 /* ViewType.swift in Sources */ = {isa = PBXBuildFile; fileRef = 60B4B9DC221CD9B400CF6005 /* ViewType.swift */; };
		60B4B9E1221CD9B400CF6005 /* StateRelay.swift in Sources */ = {isa = PBXBuildFile; fileRef = 60B4B9DD221CD9B400CF6005 /* StateRelay.swift */; };
		60B4B9E4221CDBF100CF6005 /* RxSwift.framework in Frameworks */ = {isa = PBXBuildFile; fileRef = 60B4B9E3221CDBF100CF6005 /* RxSwift.framework */; };
		60B4B9E7221CDC6300CF6005 /* ViewModelTests.swift in Sources */ = {isa = PBXBuildFile; fileRef = 60B4B9E6221CDC6300CF6005 /* ViewModelTests.swift */; };
		60B4B9EA221CDDA100CF6005 /* Quick.framework in Frameworks */ = {isa = PBXBuildFile; fileRef = 60B4B9E8221CDDA100CF6005 /* Quick.framework */; };
		60B4B9EB221CDDA100CF6005 /* Nimble.framework in Frameworks */ = {isa = PBXBuildFile; fileRef = 60B4B9E9221CDDA100CF6005 /* Nimble.framework */; };
		60BB355A221CE98500B005E6 /* AssociatedObjectStoreTests.swift in Sources */ = {isa = PBXBuildFile; fileRef = 60BB3559221CE98500B005E6 /* AssociatedObjectStoreTests.swift */; };
		60BB355C221CE99B00B005E6 /* StateRelayTests.swift in Sources */ = {isa = PBXBuildFile; fileRef = 60BB355B221CE99B00B005E6 /* StateRelayTests.swift */; };
		60BB3560221D1A7E00B005E6 /* ViewTypeTests.swift in Sources */ = {isa = PBXBuildFile; fileRef = 60BB355F221D1A7E00B005E6 /* ViewTypeTests.swift */; };
		60BB3564221D1B2900B005E6 /* ViewModelConfigMock.swift in Sources */ = {isa = PBXBuildFile; fileRef = 60BB3563221D1B2900B005E6 /* ViewModelConfigMock.swift */; };
		60BB3566221D1B3A00B005E6 /* ViewModelMock.swift in Sources */ = {isa = PBXBuildFile; fileRef = 60BB3565221D1B3A00B005E6 /* ViewModelMock.swift */; };
		60BB3568221D1B5100B005E6 /* ViewModelMockSpy.swift in Sources */ = {isa = PBXBuildFile; fileRef = 60BB3567221D1B5100B005E6 /* ViewModelMockSpy.swift */; };
		60BB356A221D1B6800B005E6 /* InitableViewModelMock.swift in Sources */ = {isa = PBXBuildFile; fileRef = 60BB3569221D1B6800B005E6 /* InitableViewModelMock.swift */; };
		60BB356D221D1C4000B005E6 /* StateRelaySpy.swift in Sources */ = {isa = PBXBuildFile; fileRef = 60BB356C221D1C4000B005E6 /* StateRelaySpy.swift */; };
		60BB3570221D1C5C00B005E6 /* ObserverFake.swift in Sources */ = {isa = PBXBuildFile; fileRef = 60BB356F221D1C5C00B005E6 /* ObserverFake.swift */; };
		60BB3572221D1EC300B005E6 /* Initable.swift in Sources */ = {isa = PBXBuildFile; fileRef = 60BB3571221D1EC300B005E6 /* Initable.swift */; };
/* End PBXBuildFile section */

/* Begin PBXContainerItemProxy section */
		60B4B9CB221CD9A800CF6005 /* PBXContainerItemProxy */ = {
			isa = PBXContainerItemProxy;
			containerPortal = 60B4B9B7221CD9A800CF6005 /* Project object */;
			proxyType = 1;
			remoteGlobalIDString = 60B4B9BF221CD9A800CF6005;
			remoteInfo = OmegaPipe;
		};
/* End PBXContainerItemProxy section */

/* Begin PBXFileReference section */
		60284AB1221D3BA90098401A /* InitableViewTypeMockSpy.swift */ = {isa = PBXFileReference; lastKnownFileType = sourcecode.swift; path = InitableViewTypeMockSpy.swift; sourceTree = "<group>"; };
		60B4B9C0221CD9A800CF6005 /* OmegaPipe.framework */ = {isa = PBXFileReference; explicitFileType = wrapper.framework; includeInIndex = 0; path = OmegaPipe.framework; sourceTree = BUILT_PRODUCTS_DIR; };
		60B4B9C3221CD9A800CF6005 /* OmegaPipe.h */ = {isa = PBXFileReference; lastKnownFileType = sourcecode.c.h; path = OmegaPipe.h; sourceTree = "<group>"; };
		60B4B9C4221CD9A800CF6005 /* Info.plist */ = {isa = PBXFileReference; lastKnownFileType = text.plist.xml; path = Info.plist; sourceTree = "<group>"; };
		60B4B9C9221CD9A800CF6005 /* OmegaPipeTests.xctest */ = {isa = PBXFileReference; explicitFileType = wrapper.cfbundle; includeInIndex = 0; path = OmegaPipeTests.xctest; sourceTree = BUILT_PRODUCTS_DIR; };
		60B4B9D0221CD9A800CF6005 /* Info.plist */ = {isa = PBXFileReference; lastKnownFileType = text.plist.xml; path = Info.plist; sourceTree = "<group>"; };
		60B4B9DA221CD9B300CF6005 /* AssociatedObjectStore.swift */ = {isa = PBXFileReference; lastKnownFileType = sourcecode.swift; path = AssociatedObjectStore.swift; sourceTree = "<group>"; };
		60B4B9DB221CD9B400CF6005 /* ViewModelType.swift */ = {isa = PBXFileReference; lastKnownFileType = sourcecode.swift; path = ViewModelType.swift; sourceTree = "<group>"; };
		60B4B9DC221CD9B400CF6005 /* ViewType.swift */ = {isa = PBXFileReference; lastKnownFileType = sourcecode.swift; path = ViewType.swift; sourceTree = "<group>"; };
		60B4B9DD221CD9B400CF6005 /* StateRelay.swift */ = {isa = PBXFileReference; lastKnownFileType = sourcecode.swift; path = StateRelay.swift; sourceTree = "<group>"; };
		60B4B9E3221CDBF100CF6005 /* RxSwift.framework */ = {isa = PBXFileReference; lastKnownFileType = wrapper.framework; name = RxSwift.framework; path = Carthage/Build/iOS/RxSwift.framework; sourceTree = "<group>"; };
		60B4B9E6221CDC6300CF6005 /* ViewModelTests.swift */ = {isa = PBXFileReference; lastKnownFileType = sourcecode.swift; path = ViewModelTests.swift; sourceTree = "<group>"; };
		60B4B9E8221CDDA100CF6005 /* Quick.framework */ = {isa = PBXFileReference; lastKnownFileType = wrapper.framework; name = Quick.framework; path = Carthage/Build/iOS/Quick.framework; sourceTree = "<group>"; };
		60B4B9E9221CDDA100CF6005 /* Nimble.framework */ = {isa = PBXFileReference; lastKnownFileType = wrapper.framework; name = Nimble.framework; path = Carthage/Build/iOS/Nimble.framework; sourceTree = "<group>"; };
		60BB3559221CE98500B005E6 /* AssociatedObjectStoreTests.swift */ = {isa = PBXFileReference; lastKnownFileType = sourcecode.swift; path = AssociatedObjectStoreTests.swift; sourceTree = "<group>"; };
		60BB355B221CE99B00B005E6 /* StateRelayTests.swift */ = {isa = PBXFileReference; lastKnownFileType = sourcecode.swift; path = StateRelayTests.swift; sourceTree = "<group>"; };
		60BB355D221CE9EC00B005E6 /* RxTest.framework */ = {isa = PBXFileReference; lastKnownFileType = wrapper.framework; name = RxTest.framework; path = Carthage/Build/iOS/RxTest.framework; sourceTree = "<group>"; };
		60BB355F221D1A7E00B005E6 /* ViewTypeTests.swift */ = {isa = PBXFileReference; lastKnownFileType = sourcecode.swift; path = ViewTypeTests.swift; sourceTree = "<group>"; };
		60BB3563221D1B2900B005E6 /* ViewModelConfigMock.swift */ = {isa = PBXFileReference; lastKnownFileType = sourcecode.swift; path = ViewModelConfigMock.swift; sourceTree = "<group>"; };
		60BB3565221D1B3A00B005E6 /* ViewModelMock.swift */ = {isa = PBXFileReference; lastKnownFileType = sourcecode.swift; path = ViewModelMock.swift; sourceTree = "<group>"; };
		60BB3567221D1B5100B005E6 /* ViewModelMockSpy.swift */ = {isa = PBXFileReference; lastKnownFileType = sourcecode.swift; path = ViewModelMockSpy.swift; sourceTree = "<group>"; };
		60BB3569221D1B6800B005E6 /* InitableViewModelMock.swift */ = {isa = PBXFileReference; lastKnownFileType = sourcecode.swift; path = InitableViewModelMock.swift; sourceTree = "<group>"; };
		60BB356C221D1C4000B005E6 /* StateRelaySpy.swift */ = {isa = PBXFileReference; lastKnownFileType = sourcecode.swift; path = StateRelaySpy.swift; sourceTree = "<group>"; };
		60BB356F221D1C5C00B005E6 /* ObserverFake.swift */ = {isa = PBXFileReference; lastKnownFileType = sourcecode.swift; path = ObserverFake.swift; sourceTree = "<group>"; };
		60BB3571221D1EC300B005E6 /* Initable.swift */ = {isa = PBXFileReference; lastKnownFileType = sourcecode.swift; path = Initable.swift; sourceTree = "<group>"; };
/* End PBXFileReference section */

/* Begin PBXFrameworksBuildPhase section */
		60B4B9BD221CD9A800CF6005 /* Frameworks */ = {
			isa = PBXFrameworksBuildPhase;
			buildActionMask = 2147483647;
			files = (
				60B4B9E4221CDBF100CF6005 /* RxSwift.framework in Frameworks */,
			);
			runOnlyForDeploymentPostprocessing = 0;
		};
		60B4B9C6221CD9A800CF6005 /* Frameworks */ = {
			isa = PBXFrameworksBuildPhase;
			buildActionMask = 2147483647;
			files = (
				60B4B9EA221CDDA100CF6005 /* Quick.framework in Frameworks */,
				60B4B9EB221CDDA100CF6005 /* Nimble.framework in Frameworks */,
				60B4B9CA221CD9A800CF6005 /* OmegaPipe.framework in Frameworks */,
			);
			runOnlyForDeploymentPostprocessing = 0;
		};
/* End PBXFrameworksBuildPhase section */

/* Begin PBXGroup section */
		60284AB0221D3B950098401A /* View */ = {
			isa = PBXGroup;
			children = (
				60284AB1221D3BA90098401A /* InitableViewTypeMockSpy.swift */,
			);
			path = View;
			sourceTree = "<group>";
		};
		60B4B9B6221CD9A800CF6005 = {
			isa = PBXGroup;
			children = (
				60B4B9C2221CD9A800CF6005 /* OmegaPipe */,
				60B4B9CD221CD9A800CF6005 /* OmegaPipeTests */,
				60B4B9C1221CD9A800CF6005 /* Products */,
				60B4B9E2221CDBF000CF6005 /* Frameworks */,
			);
			sourceTree = "<group>";
		};
		60B4B9C1221CD9A800CF6005 /* Products */ = {
			isa = PBXGroup;
			children = (
				60B4B9C0221CD9A800CF6005 /* OmegaPipe.framework */,
				60B4B9C9221CD9A800CF6005 /* OmegaPipeTests.xctest */,
			);
			name = Products;
			sourceTree = "<group>";
		};
		60B4B9C2221CD9A800CF6005 /* OmegaPipe */ = {
			isa = PBXGroup;
			children = (
				60B4B9C3221CD9A800CF6005 /* OmegaPipe.h */,
				60B4B9DA221CD9B300CF6005 /* AssociatedObjectStore.swift */,
				60BB3571221D1EC300B005E6 /* Initable.swift */,
				60B4B9DD221CD9B400CF6005 /* StateRelay.swift */,
				60B4B9DB221CD9B400CF6005 /* ViewModelType.swift */,
				60B4B9DC221CD9B400CF6005 /* ViewType.swift */,
				60B4B9C4221CD9A800CF6005 /* Info.plist */,
			);
			path = OmegaPipe;
			sourceTree = "<group>";
		};
		60B4B9CD221CD9A800CF6005 /* OmegaPipeTests */ = {
			isa = PBXGroup;
			children = (
				60BB3559221CE98500B005E6 /* AssociatedObjectStoreTests.swift */,
				60BB355B221CE99B00B005E6 /* StateRelayTests.swift */,
				60B4B9E6221CDC6300CF6005 /* ViewModelTests.swift */,
				60BB355F221D1A7E00B005E6 /* ViewTypeTests.swift */,
				60BB3561221D1AC000B005E6 /* Model */,
				60B4B9D0221CD9A800CF6005 /* Info.plist */,
			);
			path = OmegaPipeTests;
			sourceTree = "<group>";
		};
		60B4B9E2221CDBF000CF6005 /* Frameworks */ = {
			isa = PBXGroup;
			children = (
				60BB355D221CE9EC00B005E6 /* RxTest.framework */,
				60B4B9E9221CDDA100CF6005 /* Nimble.framework */,
				60B4B9E8221CDDA100CF6005 /* Quick.framework */,
				60B4B9E3221CDBF100CF6005 /* RxSwift.framework */,
			);
			name = Frameworks;
			sourceTree = "<group>";
		};
		60BB3561221D1AC000B005E6 /* Model */ = {
			isa = PBXGroup;
			children = (
				60BB356E221D1C5400B005E6 /* Observer */,
				60BB356B221D1C3300B005E6 /* StateRelay */,
				60BB3562221D1B1200B005E6 /* ViewModel */,
				60284AB0221D3B950098401A /* View */,
			);
			path = Model;
			sourceTree = "<group>";
		};
		60BB3562221D1B1200B005E6 /* ViewModel */ = {
			isa = PBXGroup;
			children = (
				60BB3563221D1B2900B005E6 /* ViewModelConfigMock.swift */,
				60BB3565221D1B3A00B005E6 /* ViewModelMock.swift */,
				60BB3567221D1B5100B005E6 /* ViewModelMockSpy.swift */,
				60BB3569221D1B6800B005E6 /* InitableViewModelMock.swift */,
			);
			path = ViewModel;
			sourceTree = "<group>";
		};
		60BB356B221D1C3300B005E6 /* StateRelay */ = {
			isa = PBXGroup;
			children = (
				60BB356C221D1C4000B005E6 /* StateRelaySpy.swift */,
			);
			path = StateRelay;
			sourceTree = "<group>";
		};
		60BB356E221D1C5400B005E6 /* Observer */ = {
			isa = PBXGroup;
			children = (
				60BB356F221D1C5C00B005E6 /* ObserverFake.swift */,
			);
			path = Observer;
			sourceTree = "<group>";
		};
/* End PBXGroup section */

/* Begin PBXHeadersBuildPhase section */
		60B4B9BB221CD9A800CF6005 /* Headers */ = {
			isa = PBXHeadersBuildPhase;
			buildActionMask = 2147483647;
			files = (
				60B4B9D1221CD9A800CF6005 /* OmegaPipe.h in Headers */,
			);
			runOnlyForDeploymentPostprocessing = 0;
		};
/* End PBXHeadersBuildPhase section */

/* Begin PBXNativeTarget section */
		60B4B9BF221CD9A800CF6005 /* OmegaPipe */ = {
			isa = PBXNativeTarget;
			buildConfigurationList = 60B4B9D4221CD9A800CF6005 /* Build configuration list for PBXNativeTarget "OmegaPipe" */;
			buildPhases = (
				60B4B9BB221CD9A800CF6005 /* Headers */,
				60B4B9BC221CD9A800CF6005 /* Sources */,
				60B4B9BD221CD9A800CF6005 /* Frameworks */,
				60B4B9BE221CD9A800CF6005 /* Resources */,
				60B4B9E5221CDC0A00CF6005 /* Carthage */,
			);
			buildRules = (
			);
			dependencies = (
			);
			name = OmegaPipe;
			productName = OmegaPipe;
			productReference = 60B4B9C0221CD9A800CF6005 /* OmegaPipe.framework */;
			productType = "com.apple.product-type.framework";
		};
		60B4B9C8221CD9A800CF6005 /* OmegaPipeTests */ = {
			isa = PBXNativeTarget;
			buildConfigurationList = 60B4B9D7221CD9A800CF6005 /* Build configuration list for PBXNativeTarget "OmegaPipeTests" */;
			buildPhases = (
				60B4B9C5221CD9A800CF6005 /* Sources */,
				60B4B9C6221CD9A800CF6005 /* Frameworks */,
				60B4B9C7221CD9A800CF6005 /* Resources */,
				60BB3558221CE90400B005E6 /* Carthage */,
			);
			buildRules = (
			);
			dependencies = (
				60B4B9CC221CD9A800CF6005 /* PBXTargetDependency */,
			);
			name = OmegaPipeTests;
			productName = OmegaPipeTests;
			productReference = 60B4B9C9221CD9A800CF6005 /* OmegaPipeTests.xctest */;
			productType = "com.apple.product-type.bundle.unit-test";
		};
/* End PBXNativeTarget section */

/* Begin PBXProject section */
		60B4B9B7221CD9A800CF6005 /* Project object */ = {
			isa = PBXProject;
			attributes = {
				LastSwiftUpdateCheck = 1010;
				LastUpgradeCheck = 1010;
				ORGANIZATIONNAME = tokijh;
				TargetAttributes = {
					60B4B9BF221CD9A800CF6005 = {
						CreatedOnToolsVersion = 10.1;
					};
					60B4B9C8221CD9A800CF6005 = {
						CreatedOnToolsVersion = 10.1;
					};
				};
			};
			buildConfigurationList = 60B4B9BA221CD9A800CF6005 /* Build configuration list for PBXProject "OmegaPipe" */;
			compatibilityVersion = "Xcode 9.3";
			developmentRegion = en;
			hasScannedForEncodings = 0;
			knownRegions = (
				en,
			);
			mainGroup = 60B4B9B6221CD9A800CF6005;
			productRefGroup = 60B4B9C1221CD9A800CF6005 /* Products */;
			projectDirPath = "";
			projectRoot = "";
			targets = (
				60B4B9BF221CD9A800CF6005 /* OmegaPipe */,
				60B4B9C8221CD9A800CF6005 /* OmegaPipeTests */,
			);
		};
/* End PBXProject section */

/* Begin PBXResourcesBuildPhase section */
		60B4B9BE221CD9A800CF6005 /* Resources */ = {
			isa = PBXResourcesBuildPhase;
			buildActionMask = 2147483647;
			files = (
			);
			runOnlyForDeploymentPostprocessing = 0;
		};
		60B4B9C7221CD9A800CF6005 /* Resources */ = {
			isa = PBXResourcesBuildPhase;
			buildActionMask = 2147483647;
			files = (
			);
			runOnlyForDeploymentPostprocessing = 0;
		};
/* End PBXResourcesBuildPhase section */

/* Begin PBXShellScriptBuildPhase section */
		60B4B9E5221CDC0A00CF6005 /* Carthage */ = {
			isa = PBXShellScriptBuildPhase;
			buildActionMask = 2147483647;
			files = (
			);
			inputFileListPaths = (
			);
			inputPaths = (
				"$(SRCROOT)/Carthage/Build/iOS/RxSwift.framework",
			);
			name = Carthage;
			outputFileListPaths = (
			);
			outputPaths = (
			);
			runOnlyForDeploymentPostprocessing = 0;
			shellPath = /bin/sh;
			shellScript = "/usr/local/bin/carthage copy-frameworks\n";
		};
		60BB3558221CE90400B005E6 /* Carthage */ = {
			isa = PBXShellScriptBuildPhase;
			buildActionMask = 2147483647;
			files = (
			);
			inputFileListPaths = (
			);
			inputPaths = (
				"$(SRCROOT)/Carthage/Build/iOS/Quick.framework",
				"$(SRCROOT)/Carthage/Build/iOS/Nimble.framework",
				"$(SRCROOT)/Carthage/Build/iOS/RxSwift.framework",
			);
			name = Carthage;
			outputFileListPaths = (
			);
			outputPaths = (
			);
			runOnlyForDeploymentPostprocessing = 0;
			shellPath = /bin/sh;
			shellScript = "/usr/local/bin/carthage copy-frameworks\n";
		};
/* End PBXShellScriptBuildPhase section */

/* Begin PBXSourcesBuildPhase section */
		60B4B9BC221CD9A800CF6005 /* Sources */ = {
			isa = PBXSourcesBuildPhase;
			buildActionMask = 2147483647;
			files = (
				60B4B9E0221CD9B400CF6005 /* ViewType.swift in Sources */,
				60B4B9E1221CD9B400CF6005 /* StateRelay.swift in Sources */,
				60BB3572221D1EC300B005E6 /* Initable.swift in Sources */,
				60B4B9DF221CD9B400CF6005 /* ViewModelType.swift in Sources */,
				60B4B9DE221CD9B400CF6005 /* AssociatedObjectStore.swift in Sources */,
			);
			runOnlyForDeploymentPostprocessing = 0;
		};
		60B4B9C5221CD9A800CF6005 /* Sources */ = {
			isa = PBXSourcesBuildPhase;
			buildActionMask = 2147483647;
			files = (
				60BB356D221D1C4000B005E6 /* StateRelaySpy.swift in Sources */,
				60BB3566221D1B3A00B005E6 /* ViewModelMock.swift in Sources */,
				60BB355A221CE98500B005E6 /* AssociatedObjectStoreTests.swift in Sources */,
				60BB355C221CE99B00B005E6 /* StateRelayTests.swift in Sources */,
				60BB3560221D1A7E00B005E6 /* ViewTypeTests.swift in Sources */,
				60BB356A221D1B6800B005E6 /* InitableViewModelMock.swift in Sources */,
				60BB3570221D1C5C00B005E6 /* ObserverFake.swift in Sources */,
				60284AB2221D3BA90098401A /* InitableViewTypeMockSpy.swift in Sources */,
				60B4B9E7221CDC6300CF6005 /* ViewModelTests.swift in Sources */,
				60BB3564221D1B2900B005E6 /* ViewModelConfigMock.swift in Sources */,
				60BB3568221D1B5100B005E6 /* ViewModelMockSpy.swift in Sources */,
			);
			runOnlyForDeploymentPostprocessing = 0;
		};
/* End PBXSourcesBuildPhase section */

/* Begin PBXTargetDependency section */
		60B4B9CC221CD9A800CF6005 /* PBXTargetDependency */ = {
			isa = PBXTargetDependency;
			target = 60B4B9BF221CD9A800CF6005 /* OmegaPipe */;
			targetProxy = 60B4B9CB221CD9A800CF6005 /* PBXContainerItemProxy */;
		};
/* End PBXTargetDependency section */

/* Begin XCBuildConfiguration section */
		60B4B9D2221CD9A800CF6005 /* Debug */ = {
			isa = XCBuildConfiguration;
			buildSettings = {
				ALWAYS_SEARCH_USER_PATHS = NO;
				CLANG_ANALYZER_NONNULL = YES;
				CLANG_ANALYZER_NUMBER_OBJECT_CONVERSION = YES_AGGRESSIVE;
				CLANG_CXX_LANGUAGE_STANDARD = "gnu++14";
				CLANG_CXX_LIBRARY = "libc++";
				CLANG_ENABLE_MODULES = YES;
				CLANG_ENABLE_OBJC_ARC = YES;
				CLANG_ENABLE_OBJC_WEAK = YES;
				CLANG_WARN_BLOCK_CAPTURE_AUTORELEASING = YES;
				CLANG_WARN_BOOL_CONVERSION = YES;
				CLANG_WARN_COMMA = YES;
				CLANG_WARN_CONSTANT_CONVERSION = YES;
				CLANG_WARN_DEPRECATED_OBJC_IMPLEMENTATIONS = YES;
				CLANG_WARN_DIRECT_OBJC_ISA_USAGE = YES_ERROR;
				CLANG_WARN_DOCUMENTATION_COMMENTS = YES;
				CLANG_WARN_EMPTY_BODY = YES;
				CLANG_WARN_ENUM_CONVERSION = YES;
				CLANG_WARN_INFINITE_RECURSION = YES;
				CLANG_WARN_INT_CONVERSION = YES;
				CLANG_WARN_NON_LITERAL_NULL_CONVERSION = YES;
				CLANG_WARN_OBJC_IMPLICIT_RETAIN_SELF = YES;
				CLANG_WARN_OBJC_LITERAL_CONVERSION = YES;
				CLANG_WARN_OBJC_ROOT_CLASS = YES_ERROR;
				CLANG_WARN_RANGE_LOOP_ANALYSIS = YES;
				CLANG_WARN_STRICT_PROTOTYPES = YES;
				CLANG_WARN_SUSPICIOUS_MOVE = YES;
				CLANG_WARN_UNGUARDED_AVAILABILITY = YES_AGGRESSIVE;
				CLANG_WARN_UNREACHABLE_CODE = YES;
				CLANG_WARN__DUPLICATE_METHOD_MATCH = YES;
				CODE_SIGN_IDENTITY = "iPhone Developer";
				COPY_PHASE_STRIP = NO;
				CURRENT_PROJECT_VERSION = 1;
				DEBUG_INFORMATION_FORMAT = dwarf;
				ENABLE_STRICT_OBJC_MSGSEND = YES;
				ENABLE_TESTABILITY = YES;
				GCC_C_LANGUAGE_STANDARD = gnu11;
				GCC_DYNAMIC_NO_PIC = NO;
				GCC_NO_COMMON_BLOCKS = YES;
				GCC_OPTIMIZATION_LEVEL = 0;
				GCC_PREPROCESSOR_DEFINITIONS = (
					"DEBUG=1",
					"$(inherited)",
				);
				GCC_WARN_64_TO_32_BIT_CONVERSION = YES;
				GCC_WARN_ABOUT_RETURN_TYPE = YES_ERROR;
				GCC_WARN_UNDECLARED_SELECTOR = YES;
				GCC_WARN_UNINITIALIZED_AUTOS = YES_AGGRESSIVE;
				GCC_WARN_UNUSED_FUNCTION = YES;
				GCC_WARN_UNUSED_VARIABLE = YES;
				IPHONEOS_DEPLOYMENT_TARGET = 12.1;
				MTL_ENABLE_DEBUG_INFO = INCLUDE_SOURCE;
				MTL_FAST_MATH = YES;
				ONLY_ACTIVE_ARCH = YES;
				SDKROOT = iphoneos;
				SWIFT_ACTIVE_COMPILATION_CONDITIONS = DEBUG;
				SWIFT_OPTIMIZATION_LEVEL = "-Onone";
				VERSIONING_SYSTEM = "apple-generic";
				VERSION_INFO_PREFIX = "";
			};
			name = Debug;
		};
		60B4B9D3221CD9A800CF6005 /* Release */ = {
			isa = XCBuildConfiguration;
			buildSettings = {
				ALWAYS_SEARCH_USER_PATHS = NO;
				CLANG_ANALYZER_NONNULL = YES;
				CLANG_ANALYZER_NUMBER_OBJECT_CONVERSION = YES_AGGRESSIVE;
				CLANG_CXX_LANGUAGE_STANDARD = "gnu++14";
				CLANG_CXX_LIBRARY = "libc++";
				CLANG_ENABLE_MODULES = YES;
				CLANG_ENABLE_OBJC_ARC = YES;
				CLANG_ENABLE_OBJC_WEAK = YES;
				CLANG_WARN_BLOCK_CAPTURE_AUTORELEASING = YES;
				CLANG_WARN_BOOL_CONVERSION = YES;
				CLANG_WARN_COMMA = YES;
				CLANG_WARN_CONSTANT_CONVERSION = YES;
				CLANG_WARN_DEPRECATED_OBJC_IMPLEMENTATIONS = YES;
				CLANG_WARN_DIRECT_OBJC_ISA_USAGE = YES_ERROR;
				CLANG_WARN_DOCUMENTATION_COMMENTS = YES;
				CLANG_WARN_EMPTY_BODY = YES;
				CLANG_WARN_ENUM_CONVERSION = YES;
				CLANG_WARN_INFINITE_RECURSION = YES;
				CLANG_WARN_INT_CONVERSION = YES;
				CLANG_WARN_NON_LITERAL_NULL_CONVERSION = YES;
				CLANG_WARN_OBJC_IMPLICIT_RETAIN_SELF = YES;
				CLANG_WARN_OBJC_LITERAL_CONVERSION = YES;
				CLANG_WARN_OBJC_ROOT_CLASS = YES_ERROR;
				CLANG_WARN_RANGE_LOOP_ANALYSIS = YES;
				CLANG_WARN_STRICT_PROTOTYPES = YES;
				CLANG_WARN_SUSPICIOUS_MOVE = YES;
				CLANG_WARN_UNGUARDED_AVAILABILITY = YES_AGGRESSIVE;
				CLANG_WARN_UNREACHABLE_CODE = YES;
				CLANG_WARN__DUPLICATE_METHOD_MATCH = YES;
				CODE_SIGN_IDENTITY = "iPhone Developer";
				COPY_PHASE_STRIP = NO;
				CURRENT_PROJECT_VERSION = 1;
				DEBUG_INFORMATION_FORMAT = "dwarf-with-dsym";
				ENABLE_NS_ASSERTIONS = NO;
				ENABLE_STRICT_OBJC_MSGSEND = YES;
				GCC_C_LANGUAGE_STANDARD = gnu11;
				GCC_NO_COMMON_BLOCKS = YES;
				GCC_WARN_64_TO_32_BIT_CONVERSION = YES;
				GCC_WARN_ABOUT_RETURN_TYPE = YES_ERROR;
				GCC_WARN_UNDECLARED_SELECTOR = YES;
				GCC_WARN_UNINITIALIZED_AUTOS = YES_AGGRESSIVE;
				GCC_WARN_UNUSED_FUNCTION = YES;
				GCC_WARN_UNUSED_VARIABLE = YES;
				IPHONEOS_DEPLOYMENT_TARGET = 12.1;
				MTL_ENABLE_DEBUG_INFO = NO;
				MTL_FAST_MATH = YES;
				SDKROOT = iphoneos;
				SWIFT_COMPILATION_MODE = wholemodule;
				SWIFT_OPTIMIZATION_LEVEL = "-O";
				VALIDATE_PRODUCT = YES;
				VERSIONING_SYSTEM = "apple-generic";
				VERSION_INFO_PREFIX = "";
			};
			name = Release;
		};
		60B4B9D5221CD9A800CF6005 /* Debug */ = {
			isa = XCBuildConfiguration;
			buildSettings = {
				CODE_SIGN_IDENTITY = "";
				CODE_SIGN_STYLE = Automatic;
				DEFINES_MODULE = YES;
				DEVELOPMENT_TEAM = 46KGHHF73Q;
				DYLIB_COMPATIBILITY_VERSION = 1;
				DYLIB_CURRENT_VERSION = 1;
				DYLIB_INSTALL_NAME_BASE = "@rpath";
				FRAMEWORK_SEARCH_PATHS = (
					"$(inherited)",
					"$(PROJECT_DIR)/Carthage/Build/iOS",
				);
				INFOPLIST_FILE = OmegaPipe/Info.plist;
				INSTALL_PATH = "$(LOCAL_LIBRARY_DIR)/Frameworks";
				IPHONEOS_DEPLOYMENT_TARGET = 8.0;
				LD_RUNPATH_SEARCH_PATHS = (
					"$(inherited)",
					"@executable_path/Frameworks",
					"@loader_path/Frameworks",
				);
				PRODUCT_BUNDLE_IDENTIFIER = tokijh.com.OmegaPipe;
				PRODUCT_NAME = "$(TARGET_NAME:c99extidentifier)";
				SKIP_INSTALL = YES;
				SWIFT_VERSION = 4.2;
				TARGETED_DEVICE_FAMILY = "1,2";
			};
			name = Debug;
		};
		60B4B9D6221CD9A800CF6005 /* Release */ = {
			isa = XCBuildConfiguration;
			buildSettings = {
				CODE_SIGN_IDENTITY = "";
				CODE_SIGN_STYLE = Automatic;
				DEFINES_MODULE = YES;
				DEVELOPMENT_TEAM = 46KGHHF73Q;
				DYLIB_COMPATIBILITY_VERSION = 1;
				DYLIB_CURRENT_VERSION = 1;
				DYLIB_INSTALL_NAME_BASE = "@rpath";
				FRAMEWORK_SEARCH_PATHS = (
					"$(inherited)",
					"$(PROJECT_DIR)/Carthage/Build/iOS",
				);
				INFOPLIST_FILE = OmegaPipe/Info.plist;
				INSTALL_PATH = "$(LOCAL_LIBRARY_DIR)/Frameworks";
				IPHONEOS_DEPLOYMENT_TARGET = 8.0;
				LD_RUNPATH_SEARCH_PATHS = (
					"$(inherited)",
					"@executable_path/Frameworks",
					"@loader_path/Frameworks",
				);
				PRODUCT_BUNDLE_IDENTIFIER = tokijh.com.OmegaPipe;
				PRODUCT_NAME = "$(TARGET_NAME:c99extidentifier)";
				SKIP_INSTALL = YES;
				SWIFT_VERSION = 4.2;
				TARGETED_DEVICE_FAMILY = "1,2";
			};
			name = Release;
		};
		60B4B9D8221CD9A800CF6005 /* Debug */ = {
			isa = XCBuildConfiguration;
			buildSettings = {
				ALWAYS_EMBED_SWIFT_STANDARD_LIBRARIES = YES;
				CODE_SIGN_STYLE = Automatic;
				DEVELOPMENT_TEAM = 46KGHHF73Q;
				FRAMEWORK_SEARCH_PATHS = (
					"$(inherited)",
					"$(PROJECT_DIR)/Carthage/Build/iOS",
				);
				INFOPLIST_FILE = OmegaPipeTests/Info.plist;
				LD_RUNPATH_SEARCH_PATHS = (
					"$(inherited)",
					"@executable_path/Frameworks",
					"@loader_path/Frameworks",
				);
				PRODUCT_BUNDLE_IDENTIFIER = tokijh.com.OmegaPipeTests;
				PRODUCT_NAME = "$(TARGET_NAME)";
				SWIFT_VERSION = 4.2;
				TARGETED_DEVICE_FAMILY = "1,2";
			};
			name = Debug;
		};
		60B4B9D9221CD9A800CF6005 /* Release */ = {
			isa = XCBuildConfiguration;
			buildSettings = {
				ALWAYS_EMBED_SWIFT_STANDARD_LIBRARIES = YES;
				CODE_SIGN_STYLE = Automatic;
				DEVELOPMENT_TEAM = 46KGHHF73Q;
				FRAMEWORK_SEARCH_PATHS = (
					"$(inherited)",
					"$(PROJECT_DIR)/Carthage/Build/iOS",
				);
				INFOPLIST_FILE = OmegaPipeTests/Info.plist;
				LD_RUNPATH_SEARCH_PATHS = (
					"$(inherited)",
					"@executable_path/Frameworks",
					"@loader_path/Frameworks",
				);
				PRODUCT_BUNDLE_IDENTIFIER = tokijh.com.OmegaPipeTests;
				PRODUCT_NAME = "$(TARGET_NAME)";
				SWIFT_VERSION = 4.2;
				TARGETED_DEVICE_FAMILY = "1,2";
			};
			name = Release;
		};
/* End XCBuildConfiguration section */

/* Begin XCConfigurationList section */
		60B4B9BA221CD9A800CF6005 /* Build configuration list for PBXProject "OmegaPipe" */ = {
			isa = XCConfigurationList;
			buildConfigurations = (
				60B4B9D2221CD9A800CF6005 /* Debug */,
				60B4B9D3221CD9A800CF6005 /* Release */,
			);
			defaultConfigurationIsVisible = 0;
			defaultConfigurationName = Release;
		};
		60B4B9D4221CD9A800CF6005 /* Build configuration list for PBXNativeTarget "OmegaPipe" */ = {
			isa = XCConfigurationList;
			buildConfigurations = (
				60B4B9D5221CD9A800CF6005 /* Debug */,
				60B4B9D6221CD9A800CF6005 /* Release */,
			);
			defaultConfigurationIsVisible = 0;
			defaultConfigurationName = Release;
		};
		60B4B9D7221CD9A800CF6005 /* Build configuration list for PBXNativeTarget "OmegaPipeTests" */ = {
			isa = XCConfigurationList;
			buildConfigurations = (
				60B4B9D8221CD9A800CF6005 /* Debug */,
				60B4B9D9221CD9A800CF6005 /* Release */,
			);
			defaultConfigurationIsVisible = 0;
			defaultConfigurationName = Release;
		};
/* End XCConfigurationList section */
	};
	rootObject = 60B4B9B7221CD9A800CF6005 /* Project object */;
}
